
Microsoft Visual Studio Solution File, Format Version 12.00
# Visual Studio Version 17
VisualStudioVersion = 17.0.31903.59
MinimumVisualStudioVersion = 10.0.40219.1
Project("{2150E333-8FDC-42A3-9474-1A3956D46DE8}") = "src", "src", "{827E0CD3-B72D-47B6-A68D-7590B98EB39B}"
EndProject
Project("{FAE04EC0-301F-11D3-BF4B-00C04F79EFBC}") = "ECommerce.Domain", "src\ECommerce.Domain\ECommerce.Domain.csproj", "{E756466C-56BF-4530-8F23-A13D98D09475}"
EndProject
Project("{FAE04EC0-301F-11D3-BF4B-00C04F79EFBC}") = "ECommerce.Application", "src\ECommerce.Application\ECommerce.Application.csproj", "{F8191426-C792-4389-8ACF-51762B18FE3F}"
EndProject
Project("{FAE04EC0-301F-11D3-BF4B-00C04F79EFBC}") = "ECommerce.Infrastructure", "src\ECommerce.Infrastructure\ECommerce.Infrastructure.csproj", "{2A98B098-61B7-40FD-B879-A6EE4573E380}"
EndProject
Project("{FAE04EC0-301F-11D3-BF4B-00C04F79EFBC}") = "ECommerce.Api", "src\ECommerce.Api\ECommerce.Api.csproj", "{3E313F01-C40A-4476-9CE6-618793949237}"
EndProject
Project("{2150E333-8FDC-42A3-9474-1A3956D46DE8}") = "tests", "tests", "{0AB3BF05-4346-4AA6-1389-037BE0695223}"
EndProject
Project("{FAE04EC0-301F-11D3-BF4B-00C04F79EFBC}") = "ECommerce.UnitTests", "tests\ECommerce.UnitTests\ECommerce.UnitTests.csproj", "{984D416E-F1F1-4DEF-B3E8-30D715F34E99}"
EndProject
Project("{FAE04EC0-301F-11D3-BF4B-00C04F79EFBC}") = "ECommerce.IntegrationTests", "tests\ECommerce.IntegrationTests\ECommerce.IntegrationTests.csproj", "{C0C73251-FCBC-40DC-8CEE-EC8585D23528}"
EndProject
Global
	GlobalSection(SolutionConfigurationPlatforms) = preSolution
		Debug|Any CPU = Debug|Any CPU
		Debug|x64 = Debug|x64
		Debug|x86 = Debug|x86
		Release|Any CPU = Release|Any CPU
		Release|x64 = Release|x64
		Release|x86 = Release|x86
	EndGlobalSection
	GlobalSection(ProjectConfigurationPlatforms) = postSolution
		{E756466C-56BF-4530-8F23-A13D98D09475}.Debug|Any CPU.ActiveCfg = Debug|Any CPU
		{E756466C-56BF-4530-8F23-A13D98D09475}.Debug|Any CPU.Build.0 = Debug|Any CPU
		{E756466C-56BF-4530-8F23-A13D98D09475}.Debug|x64.ActiveCfg = Debug|Any CPU
		{E756466C-56BF-4530-8F23-A13D98D09475}.Debug|x64.Build.0 = Debug|Any CPU
		{E756466C-56BF-4530-8F23-A13D98D09475}.Debug|x86.ActiveCfg = Debug|Any CPU
		{E756466C-56BF-4530-8F23-A13D98D09475}.Debug|x86.Build.0 = Debug|Any CPU
		{E756466C-56BF-4530-8F23-A13D98D09475}.Release|Any CPU.ActiveCfg = Release|Any CPU
		{E756466C-56BF-4530-8F23-A13D98D09475}.Release|Any CPU.Build.0 = Release|Any CPU
		{E756466C-56BF-4530-8F23-A13D98D09475}.Release|x64.ActiveCfg = Release|Any CPU
		{E756466C-56BF-4530-8F23-A13D98D09475}.Release|x64.Build.0 = Release|Any CPU
		{E756466C-56BF-4530-8F23-A13D98D09475}.Release|x86.ActiveCfg = Release|Any CPU
		{E756466C-56BF-4530-8F23-A13D98D09475}.Release|x86.Build.0 = Release|Any CPU
		{F8191426-C792-4389-8ACF-51762B18FE3F}.Debug|Any CPU.ActiveCfg = Debug|Any CPU
		{F8191426-C792-4389-8ACF-51762B18FE3F}.Debug|Any CPU.Build.0 = Debug|Any CPU
		{F8191426-C792-4389-8ACF-51762B18FE3F}.Debug|x64.ActiveCfg = Debug|Any CPU
		{F8191426-C792-4389-8ACF-51762B18FE3F}.Debug|x64.Build.0 = Debug|Any CPU
		{F8191426-C792-4389-8ACF-51762B18FE3F}.Debug|x86.ActiveCfg = Debug|Any CPU
		{F8191426-C792-4389-8ACF-51762B18FE3F}.Debug|x86.Build.0 = Debug|Any CPU
		{F8191426-C792-4389-8ACF-51762B18FE3F}.Release|Any CPU.ActiveCfg = Release|Any CPU
		{F8191426-C792-4389-8ACF-51762B18FE3F}.Release|Any CPU.Build.0 = Release|Any CPU
		{F8191426-C792-4389-8ACF-51762B18FE3F}.Release|x64.ActiveCfg = Release|Any CPU
		{F8191426-C792-4389-8ACF-51762B18FE3F}.Release|x64.Build.0 = Release|Any CPU
		{F8191426-C792-4389-8ACF-51762B18FE3F}.Release|x86.ActiveCfg = Release|Any CPU
		{F8191426-C792-4389-8ACF-51762B18FE3F}.Release|x86.Build.0 = Release|Any CPU
		{2A98B098-61B7-40FD-B879-A6EE4573E380}.Debug|Any CPU.ActiveCfg = Debug|Any CPU
		{2A98B098-61B7-40FD-B879-A6EE4573E380}.Debug|Any CPU.Build.0 = Debug|Any CPU
		{2A98B098-61B7-40FD-B879-A6EE4573E380}.Debug|x64.ActiveCfg = Debug|Any CPU
		{2A98B098-61B7-40FD-B879-A6EE4573E380}.Debug|x64.Build.0 = Debug|Any CPU
		{2A98B098-61B7-40FD-B879-A6EE4573E380}.Debug|x86.ActiveCfg = Debug|Any CPU
		{2A98B098-61B7-40FD-B879-A6EE4573E380}.Debug|x86.Build.0 = Debug|Any CPU
		{2A98B098-61B7-40FD-B879-A6EE4573E380}.Release|Any CPU.ActiveCfg = Release|Any CPU
		{2A98B098-61B7-40FD-B879-A6EE4573E380}.Release|Any CPU.Build.0 = Release|Any CPU
		{2A98B098-61B7-40FD-B879-A6EE4573E380}.Release|x64.ActiveCfg = Release|Any CPU
		{2A98B098-61B7-40FD-B879-A6EE4573E380}.Release|x64.Build.0 = Release|Any CPU
		{2A98B098-61B7-40FD-B879-A6EE4573E380}.Release|x86.ActiveCfg = Release|Any CPU
		{2A98B098-61B7-40FD-B879-A6EE4573E380}.Release|x86.Build.0 = Release|Any CPU
		{3E313F01-C40A-4476-9CE6-618793949237}.Debug|Any CPU.ActiveCfg = Debug|Any CPU
		{3E313F01-C40A-4476-9CE6-618793949237}.Debug|Any CPU.Build.0 = Debug|Any CPU
		{3E313F01-C40A-4476-9CE6-618793949237}.Debug|x64.ActiveCfg = Debug|Any CPU
		{3E313F01-C40A-4476-9CE6-618793949237}.Debug|x64.Build.0 = Debug|Any CPU
		{3E313F01-C40A-4476-9CE6-618793949237}.Debug|x86.ActiveCfg = Debug|Any CPU
		{3E313F01-C40A-4476-9CE6-618793949237}.Debug|x86.Build.0 = Debug|Any CPU
		{3E313F01-C40A-4476-9CE6-618793949237}.Release|Any CPU.ActiveCfg = Release|Any CPU
		{3E313F01-C40A-4476-9CE6-618793949237}.Release|Any CPU.Build.0 = Release|Any CPU
		{3E313F01-C40A-4476-9CE6-618793949237}.Release|x64.ActiveCfg = Release|Any CPU
		{3E313F01-C40A-4476-9CE6-618793949237}.Release|x64.Build.0 = Release|Any CPU
		{3E313F01-C40A-4476-9CE6-618793949237}.Release|x86.ActiveCfg = Release|Any CPU
		{3E313F01-C40A-4476-9CE6-618793949237}.Release|x86.Build.0 = Release|Any CPU
		{984D416E-F1F1-4DEF-B3E8-30D715F34E99}.Debug|Any CPU.ActiveCfg = Debug|Any CPU
		{984D416E-F1F1-4DEF-B3E8-30D715F34E99}.Debug|Any CPU.Build.0 = Debug|Any CPU
		{984D416E-F1F1-4DEF-B3E8-30D715F34E99}.Debug|x64.ActiveCfg = Debug|Any CPU
		{984D416E-F1F1-4DEF-B3E8-30D715F34E99}.Debug|x64.Build.0 = Debug|Any CPU
		{984D416E-F1F1-4DEF-B3E8-30D715F34E99}.Debug|x86.ActiveCfg = Debug|Any CPU
		{984D416E-F1F1-4DEF-B3E8-30D715F34E99}.Debug|x86.Build.0 = Debug|Any CPU
		{984D416E-F1F1-4DEF-B3E8-30D715F34E99}.Release|Any CPU.ActiveCfg = Release|Any CPU
		{984D416E-F1F1-4DEF-B3E8-30D715F34E99}.Release|Any CPU.Build.0 = Release|Any CPU
		{984D416E-F1F1-4DEF-B3E8-30D715F34E99}.Release|x64.ActiveCfg = Release|Any CPU
		{984D416E-F1F1-4DEF-B3E8-30D715F34E99}.Release|x64.Build.0 = Release|Any CPU
		{984D416E-F1F1-4DEF-B3E8-30D715F34E99}.Release|x86.ActiveCfg = Release|Any CPU
		{984D416E-F1F1-4DEF-B3E8-30D715F34E99}.Release|x86.Build.0 = Release|Any CPU
		{C0C73251-FCBC-40DC-8CEE-EC8585D23528}.Debug|Any CPU.ActiveCfg = Debug|Any CPU
		{C0C73251-FCBC-40DC-8CEE-EC8585D23528}.Debug|Any CPU.Build.0 = Debug|Any CPU
		{C0C73251-FCBC-40DC-8CEE-EC8585D23528}.Debug|x64.ActiveCfg = Debug|Any CPU
		{C0C73251-FCBC-40DC-8CEE-EC8585D23528}.Debug|x64.Build.0 = Debug|Any CPU
		{C0C73251-FCBC-40DC-8CEE-EC8585D23528}.Debug|x86.ActiveCfg = Debug|Any CPU
		{C0C73251-FCBC-40DC-8CEE-EC8585D23528}.Debug|x86.Build.0 = Debug|Any CPU
		{C0C73251-FCBC-40DC-8CEE-EC8585D23528}.Release|Any CPU.ActiveCfg = Release|Any CPU
		{C0C73251-FCBC-40DC-8CEE-EC8585D23528}.Release|Any CPU.Build.0 = Release|Any CPU
		{C0C73251-FCBC-40DC-8CEE-EC8585D23528}.Release|x64.ActiveCfg = Release|Any CPU
		{C0C73251-FCBC-40DC-8CEE-EC8585D23528}.Release|x64.Build.0 = Release|Any CPU
		{C0C73251-FCBC-40DC-8CEE-EC8585D23528}.Release|x86.ActiveCfg = Release|Any CPU
		{C0C73251-FCBC-40DC-8CEE-EC8585D23528}.Release|x86.Build.0 = Release|Any CPU
	EndGlobalSection
	GlobalSection(SolutionProperties) = preSolution
		HideSolutionNode = FALSE
	EndGlobalSection
	GlobalSection(NestedProjects) = preSolution
		{E756466C-56BF-4530-8F23-A13D98D09475} = {827E0CD3-B72D-47B6-A68D-7590B98EB39B}
		{F8191426-C792-4389-8ACF-51762B18FE3F} = {827E0CD3-B72D-47B6-A68D-7590B98EB39B}
		{2A98B098-61B7-40FD-B879-A6EE4573E380} = {827E0CD3-B72D-47B6-A68D-7590B98EB39B}
		{3E313F01-C40A-4476-9CE6-618793949237} = {827E0CD3-B72D-47B6-A68D-7590B98EB39B}
		{984D416E-F1F1-4DEF-B3E8-30D715F34E99} = {0AB3BF05-4346-4AA6-1389-037BE0695223}
		{C0C73251-FCBC-40DC-8CEE-EC8585D23528} = {0AB3BF05-4346-4AA6-1389-037BE0695223}
	EndGlobalSection
EndGlobal
