
Microsoft Visual Studio Solution File, Format Version 12.00
# Visual Studio Version 18
VisualStudioVersion = 18.9.12120.119
MinimumVisualStudioVersion = 10.0.40219.1
Project("{2150E333-8FDC-42A3-9474-1A3956D46DE8}") = "src", "src", "{827E0CD3-B72D-47B6-A68D-7590B98EB39B}"
EndProject
Project("{FAE04EC0-301F-11D3-BF4B-00C04F79EFBC}") = "ECommerce.Domain", "src\ECommerce.Domain\ECommerce.Domain.csproj", "{E756466C-56BF-4530-8F23-A13D98D09475}"
EndProject
Project("{FAE04EC0-301F-11D3-BF4B-00C04F79EFBC}") = "ECommerce.Application", "src\ECommerce.Application\ECommerce.Application.csproj", "{F8191426-C792-4389-8ACF-51762B18FE3F}"
EndProject
Project("{FAE04EC0-301F-11D3-BF4B-00C04F79EFBC}") = "ECommerce.Infrastructure", "src\ECommerce.Infrastructure\ECommerce.Infrastructure.csproj", "{2A98B098-61B7-40FD-B879-A6EE4573E380}"
EndProject
Project("{FAE04EC0-301F-11D3-BF4B-00C04F79EFBC}") = "ECommerce.Api", "src\ECommerce.Api\ECommerce.Api.csproj", "{3E313F01-C40A-4476-9CE6-618793949237}"
EndProject
Project("{2150E333-8FDC-42A3-9474-1A3956D46DE8}") = "tests", "tests", "{0AB3BF05-4346-4AA6-1389-037BE0695223}"
EndProject
Project("{FAE04EC0-301F-11D3-BF4B-00C04F79EFBC}") = "ECommerce.UnitTests", "tests\ECommerce.UnitTests\ECommerce.UnitTests.csproj", "{984D416E-F1F1-4DEF-B3E8-30D715F34E99}"
EndProject
Project("{FAE04EC0-301F-11D3-BF4B-00C04F79EFBC}") = "ECommerce.IntegrationTests", "tests\ECommerce.IntegrationTests\ECommerce.IntegrationTests.csproj", "{C0C73251-FCBC-40DC-8CEE-EC8585D23528}"
EndProject
Project("{2150E333-8FDC-42A3-9474-1A3956D46DE8}") = "Services", "Services", "{5854FF58-B8C5-05C6-5BF2-ACE42193F22B}"
EndProject
Project("{2150E333-8FDC-42A3-9474-1A3956D46DE8}") = "Payment", "Payment", "{714CC2AF-245C-D6B1-E117-A1157E62AF44}"
EndProject
Project("{FAE04EC0-301F-11D3-BF4B-00C04F79EFBC}") = "ECommerce.Payment.Domain", "src\Services\Payment\ECommerce.Payment.Domain\ECommerce.Payment.Domain.csproj", "{039065AB-13F5-41E7-9169-45640672DC22}"
EndProject
Project("{FAE04EC0-301F-11D3-BF4B-00C04F79EFBC}") = "ECommerce.Payment.Application", "src\Services\Payment\ECommerce.Payment.Application\ECommerce.Payment.Application.csproj", "{47F2F521-30FE-469E-89A3-FCF86D1BB4D0}"
EndProject
Project("{FAE04EC0-301F-11D3-BF4B-00C04F79EFBC}") = "ECommerce.Payment.Infrastructure", "src\Services\Payment\ECommerce.Payment.Infrastructure\ECommerce.Payment.Infrastructure.csproj", "{48721047-9FC4-4732-83B5-1BEE08E253EF}"
EndProject
Project("{FAE04EC0-301F-11D3-BF4B-00C04F79EFBC}") = "ECommerce.Payment.Api", "src\Services\Payment\ECommerce.Payment.Api\ECommerce.Payment.Api.csproj", "{6A004839-512E-4226-9C2F-4B695AEDFE79}"
EndProject
Project("{2150E333-8FDC-42A3-9474-1A3956D46DE8}") = "Product", "Product", "{374CED38-7421-B0F7-DFE2-3AF3B9F49E7C}"
EndProject
Project("{FAE04EC0-301F-11D3-BF4B-00C04F79EFBC}") = "ECommerce.Product.Domain", "src\Services\Product\ECommerce.Product.Domain\ECommerce.Product.Domain.csproj", "{E9F445C7-2ACD-4844-81BF-27A72DB5979D}"
EndProject
Project("{FAE04EC0-301F-11D3-BF4B-00C04F79EFBC}") = "ECommerce.Product.Application", "src\Services\Product\ECommerce.Product.Application\ECommerce.Product.Application.csproj", "{38B1B335-A472-4E18-BE6A-6C9A817466FC}"
EndProject
Project("{FAE04EC0-301F-11D3-BF4B-00C04F79EFBC}") = "ECommerce.Product.Infrastructure", "src\Services\Product\ECommerce.Product.Infrastructure\ECommerce.Product.Infrastructure.csproj", "{E6EA01CB-B826-4DDC-BF2D-F7EC47FBC363}"
EndProject
Project("{FAE04EC0-301F-11D3-BF4B-00C04F79EFBC}") = "ECommerce.Product.Api", "src\Services\Product\ECommerce.Product.Api\ECommerce.Product.Api.csproj", "{A9EAA25F-4B22-4C42-8D99-7FBB11D14F7D}"
EndProject
Project("{2150E333-8FDC-42A3-9474-1A3956D46DE8}") = "User", "User", "{5979469B-CEB9-B27D-9095-D604475979B8}"
EndProject
Project("{FAE04EC0-301F-11D3-BF4B-00C04F79EFBC}") = "ECommerce.User.Domain", "src\Services\User\ECommerce.User.Domain\ECommerce.User.Domain.csproj", "{21944311-2BF5-4CAD-820E-6E4290BF02A3}"
EndProject
Project("{FAE04EC0-301F-11D3-BF4B-00C04F79EFBC}") = "ECommerce.User.Application", "src\Services\User\ECommerce.User.Application\ECommerce.User.Application.csproj", "{01E79486-6CE4-4D2F-A033-5F7A8D931CFC}"
EndProject
Project("{FAE04EC0-301F-11D3-BF4B-00C04F79EFBC}") = "ECommerce.User.Infrastructure", "src\Services\User\ECommerce.User.Infrastructure\ECommerce.User.Infrastructure.csproj", "{692C0E83-7AF1-4F68-96D0-9D20D5EFAAB3}"
EndProject
Project("{FAE04EC0-301F-11D3-BF4B-00C04F79EFBC}") = "ECommerce.User.Api", "src\Services\User\ECommerce.User.Api\ECommerce.User.Api.csproj", "{3805D4C8-CC87-446C-BC44-5655118F8F47}"
EndProject
Project("{2150E333-8FDC-42A3-9474-1A3956D46DE8}") = "Order", "Order", "{A7F1EA75-F84F-EDAA-1156-120873BE27D5}"
EndProject
Project("{FAE04EC0-301F-11D3-BF4B-00C04F79EFBC}") = "ECommerce.Order.Domain", "src\Services\Order\ECommerce.Order.Domain\ECommerce.Order.Domain.csproj", "{C6E31EFA-F664-4D77-A7AD-98CBC7C80EC5}"
EndProject
Project("{FAE04EC0-301F-11D3-BF4B-00C04F79EFBC}") = "ECommerce.Order.Application", "src\Services\Order\ECommerce.Order.Application\ECommerce.Order.Application.csproj", "{D4A9A54F-7A60-4BA4-90AA-161EBD3FD282}"
EndProject
Project("{FAE04EC0-301F-11D3-BF4B-00C04F79EFBC}") = "ECommerce.Order.Infrastructure", "src\Services\Order\ECommerce.Order.Infrastructure\ECommerce.Order.Infrastructure.csproj", "{04ABB44B-6507-4ED9-921B-1690E65BC472}"
EndProject
Project("{FAE04EC0-301F-11D3-BF4B-00C04F79EFBC}") = "ECommerce.Order.Api", "src\Services\Order\ECommerce.Order.Api\ECommerce.Order.Api.csproj", "{6FDF18A3-A518-4136-8F75-4D2B6CF0C031}"
EndProject
Global
	GlobalSection(SolutionConfigurationPlatforms) = preSolution
		Debug|Any CPU = Debug|Any CPU
		Debug|x64 = Debug|x64
		Debug|x86 = Debug|x86
		Release|Any CPU = Release|Any CPU
		Release|x64 = Release|x64
		Release|x86 = Release|x86
	EndGlobalSection
	GlobalSection(ProjectConfigurationPlatforms) = postSolution
		{E756466C-56BF-4530-8F23-A13D98D09475}.Debug|Any CPU.ActiveCfg = Debug|Any CPU
		{E756466C-56BF-4530-8F23-A13D98D09475}.Debug|Any CPU.Build.0 = Debug|Any CPU
		{E756466C-56BF-4530-8F23-A13D98D09475}.Debug|x64.ActiveCfg = Debug|Any CPU
		{E756466C-56BF-4530-8F23-A13D98D09475}.Debug|x64.Build.0 = Debug|Any CPU
		{E756466C-56BF-4530-8F23-A13D98D09475}.Debug|x86.ActiveCfg = Debug|Any CPU
		{E756466C-56BF-4530-8F23-A13D98D09475}.Debug|x86.Build.0 = Debug|Any CPU
		{E756466C-56BF-4530-8F23-A13D98D09475}.Release|Any CPU.ActiveCfg = Release|Any CPU
		{E756466C-56BF-4530-8F23-A13D98D09475}.Release|Any CPU.Build.0 = Release|Any CPU
		{E756466C-56BF-4530-8F23-A13D98D09475}.Release|x64.ActiveCfg = Release|Any CPU
		{E756466C-56BF-4530-8F23-A13D98D09475}.Release|x64.Build.0 = Release|Any CPU
		{E756466C-56BF-4530-8F23-A13D98D09475}.Release|x86.ActiveCfg = Release|Any CPU
		{E756466C-56BF-4530-8F23-A13D98D09475}.Release|x86.Build.0 = Release|Any CPU
		{F8191426-C792-4389-8ACF-51762B18FE3F}.Debug|Any CPU.ActiveCfg = Debug|Any CPU
		{F8191426-C792-4389-8ACF-51762B18FE3F}.Debug|Any CPU.Build.0 = Debug|Any CPU
		{F8191426-C792-4389-8ACF-51762B18FE3F}.Debug|x64.ActiveCfg = Debug|Any CPU
		{F8191426-C792-4389-8ACF-51762B18FE3F}.Debug|x64.Build.0 = Debug|Any CPU
		{F8191426-C792-4389-8ACF-51762B18FE3F}.Debug|x86.ActiveCfg = Debug|Any CPU
		{F8191426-C792-4389-8ACF-51762B18FE3F}.Debug|x86.Build.0 = Debug|Any CPU
		{F8191426-C792-4389-8ACF-51762B18FE3F}.Release|Any CPU.ActiveCfg = Release|Any CPU
		{F8191426-C792-4389-8ACF-51762B18FE3F}.Release|Any CPU.Build.0 = Release|Any CPU
		{F8191426-C792-4389-8ACF-51762B18FE3F}.Release|x64.ActiveCfg = Release|Any CPU
		{F8191426-C792-4389-8ACF-51762B18FE3F}.Release|x64.Build.0 = Release|Any CPU
		{F8191426-C792-4389-8ACF-51762B18FE3F}.Release|x86.ActiveCfg = Release|Any CPU
		{F8191426-C792-4389-8ACF-51762B18FE3F}.Release|x86.Build.0 = Release|Any CPU
		{2A98B098-61B7-40FD-B879-A6EE4573E380}.Debug|Any CPU.ActiveCfg = Debug|Any CPU
		{2A98B098-61B7-40FD-B879-A6EE4573E380}.Debug|Any CPU.Build.0 = Debug|Any CPU
		{2A98B098-61B7-40FD-B879-A6EE4573E380}.Debug|x64.ActiveCfg = Debug|Any CPU
		{2A98B098-61B7-40FD-B879-A6EE4573E380}.Debug|x64.Build.0 = Debug|Any CPU
		{2A98B098-61B7-40FD-B879-A6EE4573E380}.Debug|x86.ActiveCfg = Debug|Any CPU
		{2A98B098-61B7-40FD-B879-A6EE4573E380}.Debug|x86.Build.0 = Debug|Any CPU
		{2A98B098-61B7-40FD-B879-A6EE4573E380}.Release|Any CPU.ActiveCfg = Release|Any CPU
		{2A98B098-61B7-40FD-B879-A6EE4573E380}.Release|Any CPU.Build.0 = Release|Any CPU
		{2A98B098-61B7-40FD-B879-A6EE4573E380}.Release|x64.ActiveCfg = Release|Any CPU
		{2A98B098-61B7-40FD-B879-A6EE4573E380}.Release|x64.Build.0 = Release|Any CPU
		{2A98B098-61B7-40FD-B879-A6EE4573E380}.Release|x86.ActiveCfg = Release|Any CPU
		{2A98B098-61B7-40FD-B879-A6EE4573E380}.Release|x86.Build.0 = Release|Any CPU
		{3E313F01-C40A-4476-9CE6-618793949237}.Debug|Any CPU.ActiveCfg = Debug|Any CPU
		{3E313F01-C40A-4476-9CE6-618793949237}.Debug|Any CPU.Build.0 = Debug|Any CPU
		{3E313F01-C40A-4476-9CE6-618793949237}.Debug|x64.ActiveCfg = Debug|Any CPU
		{3E313F01-C40A-4476-9CE6-618793949237}.Debug|x64.Build.0 = Debug|Any CPU
		{3E313F01-C40A-4476-9CE6-618793949237}.Debug|x86.ActiveCfg = Debug|Any CPU
		{3E313F01-C40A-4476-9CE6-618793949237}.Debug|x86.Build.0 = Debug|Any CPU
		{3E313F01-C40A-4476-9CE6-618793949237}.Release|Any CPU.ActiveCfg = Release|Any CPU
		{3E313F01-C40A-4476-9CE6-618793949237}.Release|Any CPU.Build.0 = Release|Any CPU
		{3E313F01-C40A-4476-9CE6-618793949237}.Release|x64.ActiveCfg = Release|Any CPU
		{3E313F01-C40A-4476-9CE6-618793949237}.Release|x64.Build.0 = Release|Any CPU
		{3E313F01-C40A-4476-9CE6-618793949237}.Release|x86.ActiveCfg = Release|Any CPU
		{3E313F01-C40A-4476-9CE6-618793949237}.Release|x86.Build.0 = Release|Any CPU
		{984D416E-F1F1-4DEF-B3E8-30D715F34E99}.Debug|Any CPU.ActiveCfg = Debug|Any CPU
		{984D416E-F1F1-4DEF-B3E8-30D715F34E99}.Debug|Any CPU.Build.0 = Debug|Any CPU
		{984D416E-F1F1-4DEF-B3E8-30D715F34E99}.Debug|x64.ActiveCfg = Debug|Any CPU
		{984D416E-F1F1-4DEF-B3E8-30D715F34E99}.Debug|x64.Build.0 = Debug|Any CPU
		{984D416E-F1F1-4DEF-B3E8-30D715F34E99}.Debug|x86.ActiveCfg = Debug|Any CPU
		{984D416E-F1F1-4DEF-B3E8-30D715F34E99}.Debug|x86.Build.0 = Debug|Any CPU
		{984D416E-F1F1-4DEF-B3E8-30D715F34E99}.Release|Any CPU.ActiveCfg = Release|Any CPU
		{984D416E-F1F1-4DEF-B3E8-30D715F34E99}.Release|Any CPU.Build.0 = Release|Any CPU
		{984D416E-F1F1-4DEF-B3E8-30D715F34E99}.Release|x64.ActiveCfg = Release|Any CPU
		{984D416E-F1F1-4DEF-B3E8-30D715F34E99}.Release|x64.Build.0 = Release|Any CPU
		{984D416E-F1F1-4DEF-B3E8-30D715F34E99}.Release|x86.ActiveCfg = Release|Any CPU
		{984D416E-F1F1-4DEF-B3E8-30D715F34E99}.Release|x86.Build.0 = Release|Any CPU
		{C0C73251-FCBC-40DC-8CEE-EC8585D23528}.Debug|Any CPU.ActiveCfg = Debug|Any CPU
		{C0C73251-FCBC-40DC-8CEE-EC8585D23528}.Debug|Any CPU.Build.0 = Debug|Any CPU
		{C0C73251-FCBC-40DC-8CEE-EC8585D23528}.Debug|x64.ActiveCfg = Debug|Any CPU
		{C0C73251-FCBC-40DC-8CEE-EC8585D23528}.Debug|x64.Build.0 = Debug|Any CPU
		{C0C73251-FCBC-40DC-8CEE-EC8585D23528}.Debug|x86.ActiveCfg = Debug|Any CPU
		{C0C73251-FCBC-40DC-8CEE-EC8585D23528}.Debug|x86.Build.0 = Debug|Any CPU
		{C0C73251-FCBC-40DC-8CEE-EC8585D23528}.Release|Any CPU.ActiveCfg = Release|Any CPU
		{C0C73251-FCBC-40DC-8CEE-EC8585D23528}.Release|Any CPU.Build.0 = Release|Any CPU
		{C0C73251-FCBC-40DC-8CEE-EC8585D23528}.Release|x64.ActiveCfg = Release|Any CPU
		{C0C73251-FCBC-40DC-8CEE-EC8585D23528}.Release|x64.Build.0 = Release|Any CPU
		{C0C73251-FCBC-40DC-8CEE-EC8585D23528}.Release|x86.ActiveCfg = Release|Any CPU
		{C0C73251-FCBC-40DC-8CEE-EC8585D23528}.Release|x86.Build.0 = Release|Any CPU
		{039065AB-13F5-41E7-9169-45640672DC22}.Debug|Any CPU.ActiveCfg = Debug|Any CPU
		{039065AB-13F5-41E7-9169-45640672DC22}.Debug|Any CPU.Build.0 = Debug|Any CPU
		{039065AB-13F5-41E7-9169-45640672DC22}.Debug|x64.ActiveCfg = Debug|Any CPU
		{039065AB-13F5-41E7-9169-45640672DC22}.Debug|x64.Build.0 = Debug|Any CPU
		{039065AB-13F5-41E7-9169-45640672DC22}.Debug|x86.ActiveCfg = Debug|Any CPU
		{039065AB-13F5-41E7-9169-45640672DC22}.Debug|x86.Build.0 = Debug|Any CPU
		{039065AB-13F5-41E7-9169-45640672DC22}.Release|Any CPU.ActiveCfg = Release|Any CPU
		{039065AB-13F5-41E7-9169-45640672DC22}.Release|Any CPU.Build.0 = Release|Any CPU
		{039065AB-13F5-41E7-9169-45640672DC22}.Release|x64.ActiveCfg = Release|Any CPU
		{039065AB-13F5-41E7-9169-45640672DC22}.Release|x64.Build.0 = Release|Any CPU
		{039065AB-13F5-41E7-9169-45640672DC22}.Release|x86.ActiveCfg = Release|Any CPU
		{039065AB-13F5-41E7-9169-45640672DC22}.Release|x86.Build.0 = Release|Any CPU
		{47F2F521-30FE-469E-89A3-FCF86D1BB4D0}.Debug|Any CPU.ActiveCfg = Debug|Any CPU
		{47F2F521-30FE-469E-89A3-FCF86D1BB4D0}.Debug|Any CPU.Build.0 = Debug|Any CPU
		{47F2F521-30FE-469E-89A3-FCF86D1BB4D0}.Debug|x64.ActiveCfg = Debug|Any CPU
		{47F2F521-30FE-469E-89A3-FCF86D1BB4D0}.Debug|x64.Build.0 = Debug|Any CPU
		{47F2F521-30FE-469E-89A3-FCF86D1BB4D0}.Debug|x86.ActiveCfg = Debug|Any CPU
		{47F2F521-30FE-469E-89A3-FCF86D1BB4D0}.Debug|x86.Build.0 = Debug|Any CPU
		{47F2F521-30FE-469E-89A3-FCF86D1BB4D0}.Release|Any CPU.ActiveCfg = Release|Any CPU
		{47F2F521-30FE-469E-89A3-FCF86D1BB4D0}.Release|Any CPU.Build.0 = Release|Any CPU
		{47F2F521-30FE-469E-89A3-FCF86D1BB4D0}.Release|x64.ActiveCfg = Release|Any CPU
		{47F2F521-30FE-469E-89A3-FCF86D1BB4D0}.Release|x64.Build.0 = Release|Any CPU
		{47F2F521-30FE-469E-89A3-FCF86D1BB4D0}.Release|x86.ActiveCfg = Release|Any CPU
		{47F2F521-30FE-469E-89A3-FCF86D1BB4D0}.Release|x86.Build.0 = Release|Any CPU
		{48721047-9FC4-4732-83B5-1BEE08E253EF}.Debug|Any CPU.ActiveCfg = Debug|Any CPU
		{48721047-9FC4-4732-83B5-1BEE08E253EF}.Debug|Any CPU.Build.0 = Debug|Any CPU
		{48721047-9FC4-4732-83B5-1BEE08E253EF}.Debug|x64.ActiveCfg = Debug|Any CPU
		{48721047-9FC4-4732-83B5-1BEE08E253EF}.Debug|x64.Build.0 = Debug|Any CPU
		{48721047-9FC4-4732-83B5-1BEE08E253EF}.Debug|x86.ActiveCfg = Debug|Any CPU
		{48721047-9FC4-4732-83B5-1BEE08E253EF}.Debug|x86.Build.0 = Debug|Any CPU
		{48721047-9FC4-4732-83B5-1BEE08E253EF}.Release|Any CPU.ActiveCfg = Release|Any CPU
		{48721047-9FC4-4732-83B5-1BEE08E253EF}.Release|Any CPU.Build.0 = Release|Any CPU
		{48721047-9FC4-4732-83B5-1BEE08E253EF}.Release|x64.ActiveCfg = Release|Any CPU
		{48721047-9FC4-4732-83B5-1BEE08E253EF}.Release|x64.Build.0 = Release|Any CPU
		{48721047-9FC4-4732-83B5-1BEE08E253EF}.Release|x86.ActiveCfg = Release|Any CPU
		{48721047-9FC4-4732-83B5-1BEE08E253EF}.Release|x86.Build.0 = Release|Any CPU
		{6A004839-512E-4226-9C2F-4B695AEDFE79}.Debug|Any CPU.ActiveCfg = Debug|Any CPU
		{6A004839-512E-4226-9C2F-4B695AEDFE79}.Debug|Any CPU.Build.0 = Debug|Any CPU
		{6A004839-512E-4226-9C2F-4B695AEDFE79}.Debug|x64.ActiveCfg = Debug|Any CPU
		{6A004839-512E-4226-9C2F-4B695AEDFE79}.Debug|x64.Build.0 = Debug|Any CPU
		{6A004839-512E-4226-9C2F-4B695AEDFE79}.Debug|x86.ActiveCfg = Debug|Any CPU
		{6A004839-512E-4226-9C2F-4B695AEDFE79}.Debug|x86.Build.0 = Debug|Any CPU
		{6A004839-512E-4226-9C2F-4B695AEDFE79}.Release|Any CPU.ActiveCfg = Release|Any CPU
		{6A004839-512E-4226-9C2F-4B695AEDFE79}.Release|Any CPU.Build.0 = Release|Any CPU
		{6A004839-512E-4226-9C2F-4B695AEDFE79}.Release|x64.ActiveCfg = Release|Any CPU
		{6A004839-512E-4226-9C2F-4B695AEDFE79}.Release|x64.Build.0 = Release|Any CPU
		{6A004839-512E-4226-9C2F-4B695AEDFE79}.Release|x86.ActiveCfg = Release|Any CPU
		{6A004839-512E-4226-9C2F-4B695AEDFE79}.Release|x86.Build.0 = Release|Any CPU
		{E9F445C7-2ACD-4844-81BF-27A72DB5979D}.Debug|Any CPU.ActiveCfg = Debug|Any CPU
		{E9F445C7-2ACD-4844-81BF-27A72DB5979D}.Debug|Any CPU.Build.0 = Debug|Any CPU
		{E9F445C7-2ACD-4844-81BF-27A72DB5979D}.Debug|x64.ActiveCfg = Debug|Any CPU
		{E9F445C7-2ACD-4844-81BF-27A72DB5979D}.Debug|x64.Build.0 = Debug|Any CPU
		{E9F445C7-2ACD-4844-81BF-27A72DB5979D}.Debug|x86.ActiveCfg = Debug|Any CPU
		{E9F445C7-2ACD-4844-81BF-27A72DB5979D}.Debug|x86.Build.0 = Debug|Any CPU
		{E9F445C7-2ACD-4844-81BF-27A72DB5979D}.Release|Any CPU.ActiveCfg = Release|Any CPU
		{E9F445C7-2ACD-4844-81BF-27A72DB5979D}.Release|Any CPU.Build.0 = Release|Any CPU
		{E9F445C7-2ACD-4844-81BF-27A72DB5979D}.Release|x64.ActiveCfg = Release|Any CPU
		{E9F445C7-2ACD-4844-81BF-27A72DB5979D}.Release|x64.Build.0 = Release|Any CPU
		{E9F445C7-2ACD-4844-81BF-27A72DB5979D}.Release|x86.ActiveCfg = Release|Any CPU
		{E9F445C7-2ACD-4844-81BF-27A72DB5979D}.Release|x86.Build.0 = Release|Any CPU
		{38B1B335-A472-4E18-BE6A-6C9A817466FC}.Debug|Any CPU.ActiveCfg = Debug|Any CPU
		{38B1B335-A472-4E18-BE6A-6C9A817466FC}.Debug|Any CPU.Build.0 = Debug|Any CPU
		{38B1B335-A472-4E18-BE6A-6C9A817466FC}.Debug|x64.ActiveCfg = Debug|Any CPU
		{38B1B335-A472-4E18-BE6A-6C9A817466FC}.Debug|x64.Build.0 = Debug|Any CPU
		{38B1B335-A472-4E18-BE6A-6C9A817466FC}.Debug|x86.ActiveCfg = Debug|Any CPU
		{38B1B335-A472-4E18-BE6A-6C9A817466FC}.Debug|x86.Build.0 = Debug|Any CPU
		{38B1B335-A472-4E18-BE6A-6C9A817466FC}.Release|Any CPU.ActiveCfg = Release|Any CPU
		{38B1B335-A472-4E18-BE6A-6C9A817466FC}.Release|Any CPU.Build.0 = Release|Any CPU
		{38B1B335-A472-4E18-BE6A-6C9A817466FC}.Release|x64.ActiveCfg = Release|Any CPU
		{38B1B335-A472-4E18-BE6A-6C9A817466FC}.Release|x64.Build.0 = Release|Any CPU
		{38B1B335-A472-4E18-BE6A-6C9A817466FC}.Release|x86.ActiveCfg = Release|Any CPU
		{38B1B335-A472-4E18-BE6A-6C9A817466FC}.Release|x86.Build.0 = Release|Any CPU
		{E6EA01CB-B826-4DDC-BF2D-F7EC47FBC363}.Debug|Any CPU.ActiveCfg = Debug|Any CPU
		{E6EA01CB-B826-4DDC-BF2D-F7EC47FBC363}.Debug|Any CPU.Build.0 = Debug|Any CPU
		{E6EA01CB-B826-4DDC-BF2D-F7EC47FBC363}.Debug|x64.ActiveCfg = Debug|Any CPU
		{E6EA01CB-B826-4DDC-BF2D-F7EC47FBC363}.Debug|x64.Build.0 = Debug|Any CPU
		{E6EA01CB-B826-4DDC-BF2D-F7EC47FBC363}.Debug|x86.ActiveCfg = Debug|Any CPU
		{E6EA01CB-B826-4DDC-BF2D-F7EC47FBC363}.Debug|x86.Build.0 = Debug|Any CPU
		{E6EA01CB-B826-4DDC-BF2D-F7EC47FBC363}.Release|Any CPU.ActiveCfg = Release|Any CPU
		{E6EA01CB-B826-4DDC-BF2D-F7EC47FBC363}.Release|Any CPU.Build.0 = Release|Any CPU
		{E6EA01CB-B826-4DDC-BF2D-F7EC47FBC363}.Release|x64.ActiveCfg = Release|Any CPU
		{E6EA01CB-B826-4DDC-BF2D-F7EC47FBC363}.Release|x64.Build.0 = Release|Any CPU
		{E6EA01CB-B826-4DDC-BF2D-F7EC47FBC363}.Release|x86.ActiveCfg = Release|Any CPU
		{E6EA01CB-B826-4DDC-BF2D-F7EC47FBC363}.Release|x86.Build.0 = Release|Any CPU
		{A9EAA25F-4B22-4C42-8D99-7FBB11D14F7D}.Debug|Any CPU.ActiveCfg = Debug|Any CPU
		{A9EAA25F-4B22-4C42-8D99-7FBB11D14F7D}.Debug|Any CPU.Build.0 = Debug|Any CPU
		{A9EAA25F-4B22-4C42-8D99-7FBB11D14F7D}.Debug|x64.ActiveCfg = Debug|Any CPU
		{A9EAA25F-4B22-4C42-8D99-7FBB11D14F7D}.Debug|x64.Build.0 = Debug|Any CPU
		{A9EAA25F-4B22-4C42-8D99-7FBB11D14F7D}.Debug|x86.ActiveCfg = Debug|Any CPU
		{A9EAA25F-4B22-4C42-8D99-7FBB11D14F7D}.Debug|x86.Build.0 = Debug|Any CPU
		{A9EAA25F-4B22-4C42-8D99-7FBB11D14F7D}.Release|Any CPU.ActiveCfg = Release|Any CPU
		{A9EAA25F-4B22-4C42-8D99-7FBB11D14F7D}.Release|Any CPU.Build.0 = Release|Any CPU
		{A9EAA25F-4B22-4C42-8D99-7FBB11D14F7D}.Release|x64.ActiveCfg = Release|Any CPU
		{A9EAA25F-4B22-4C42-8D99-7FBB11D14F7D}.Release|x64.Build.0 = Release|Any CPU
		{A9EAA25F-4B22-4C42-8D99-7FBB11D14F7D}.Release|x86.ActiveCfg = Release|Any CPU
		{A9EAA25F-4B22-4C42-8D99-7FBB11D14F7D}.Release|x86.Build.0 = Release|Any CPU
		{21944311-2BF5-4CAD-820E-6E4290BF02A3}.Debug|Any CPU.ActiveCfg = Debug|Any CPU
		{21944311-2BF5-4CAD-820E-6E4290BF02A3}.Debug|Any CPU.Build.0 = Debug|Any CPU
		{21944311-2BF5-4CAD-820E-6E4290BF02A3}.Debug|x64.ActiveCfg = Debug|Any CPU
		{21944311-2BF5-4CAD-820E-6E4290BF02A3}.Debug|x64.Build.0 = Debug|Any CPU
		{21944311-2BF5-4CAD-820E-6E4290BF02A3}.Debug|x86.ActiveCfg = Debug|Any CPU
		{21944311-2BF5-4CAD-820E-6E4290BF02A3}.Debug|x86.Build.0 = Debug|Any CPU
		{21944311-2BF5-4CAD-820E-6E4290BF02A3}.Release|Any CPU.ActiveCfg = Release|Any CPU
		{21944311-2BF5-4CAD-820E-6E4290BF02A3}.Release|Any CPU.Build.0 = Release|Any CPU
		{21944311-2BF5-4CAD-820E-6E4290BF02A3}.Release|x64.ActiveCfg = Release|Any CPU
		{21944311-2BF5-4CAD-820E-6E4290BF02A3}.Release|x64.Build.0 = Release|Any CPU
		{21944311-2BF5-4CAD-820E-6E4290BF02A3}.Release|x86.ActiveCfg = Release|Any CPU
		{21944311-2BF5-4CAD-820E-6E4290BF02A3}.Release|x86.Build.0 = Release|Any CPU
		{01E79486-6CE4-4D2F-A033-5F7A8D931CFC}.Debug|Any CPU.ActiveCfg = Debug|Any CPU
		{01E79486-6CE4-4D2F-A033-5F7A8D931CFC}.Debug|Any CPU.Build.0 = Debug|Any CPU
		{01E79486-6CE4-4D2F-A033-5F7A8D931CFC}.Debug|x64.ActiveCfg = Debug|Any CPU
		{01E79486-6CE4-4D2F-A033-5F7A8D931CFC}.Debug|x64.Build.0 = Debug|Any CPU
		{01E79486-6CE4-4D2F-A033-5F7A8D931CFC}.Debug|x86.ActiveCfg = Debug|Any CPU
		{01E79486-6CE4-4D2F-A033-5F7A8D931CFC}.Debug|x86.Build.0 = Debug|Any CPU
		{01E79486-6CE4-4D2F-A033-5F7A8D931CFC}.Release|Any CPU.ActiveCfg = Release|Any CPU
		{01E79486-6CE4-4D2F-A033-5F7A8D931CFC}.Release|Any CPU.Build.0 = Release|Any CPU
		{01E79486-6CE4-4D2F-A033-5F7A8D931CFC}.Release|x64.ActiveCfg = Release|Any CPU
		{01E79486-6CE4-4D2F-A033-5F7A8D931CFC}.Release|x64.Build.0 = Release|Any CPU
		{01E79486-6CE4-4D2F-A033-5F7A8D931CFC}.Release|x86.ActiveCfg = Release|Any CPU
		{01E79486-6CE4-4D2F-A033-5F7A8D931CFC}.Release|x86.Build.0 = Release|Any CPU
		{692C0E83-7AF1-4F68-96D0-9D20D5EFAAB3}.Debug|Any CPU.ActiveCfg = Debug|Any CPU
		{692C0E83-7AF1-4F68-96D0-9D20D5EFAAB3}.Debug|Any CPU.Build.0 = Debug|Any CPU
		{692C0E83-7AF1-4F68-96D0-9D20D5EFAAB3}.Debug|x64.ActiveCfg = Debug|Any CPU
		{692C0E83-7AF1-4F68-96D0-9D20D5EFAAB3}.Debug|x64.Build.0 = Debug|Any CPU
		{692C0E83-7AF1-4F68-96D0-9D20D5EFAAB3}.Debug|x86.ActiveCfg = Debug|Any CPU
		{692C0E83-7AF1-4F68-96D0-9D20D5EFAAB3}.Debug|x86.Build.0 = Debug|Any CPU
		{692C0E83-7AF1-4F68-96D0-9D20D5EFAAB3}.Release|Any CPU.ActiveCfg = Release|Any CPU
		{692C0E83-7AF1-4F68-96D0-9D20D5EFAAB3}.Release|Any CPU.Build.0 = Release|Any CPU
		{692C0E83-7AF1-4F68-96D0-9D20D5EFAAB3}.Release|x64.ActiveCfg = Release|Any CPU
		{692C0E83-7AF1-4F68-96D0-9D20D5EFAAB3}.Release|x64.Build.0 = Release|Any CPU
		{692C0E83-7AF1-4F68-96D0-9D20D5EFAAB3}.Release|x86.ActiveCfg = Release|Any CPU
		{692C0E83-7AF1-4F68-96D0-9D20D5EFAAB3}.Release|x86.Build.0 = Release|Any CPU
		{3805D4C8-CC87-446C-BC44-5655118F8F47}.Debug|Any CPU.ActiveCfg = Debug|Any CPU
		{3805D4C8-CC87-446C-BC44-5655118F8F47}.Debug|Any CPU.Build.0 = Debug|Any CPU
		{3805D4C8-CC87-446C-BC44-5655118F8F47}.Debug|x64.ActiveCfg = Debug|Any CPU
		{3805D4C8-CC87-446C-BC44-5655118F8F47}.Debug|x64.Build.0 = Debug|Any CPU
		{3805D4C8-CC87-446C-BC44-5655118F8F47}.Debug|x86.ActiveCfg = Debug|Any CPU
		{3805D4C8-CC87-446C-BC44-5655118F8F47}.Debug|x86.Build.0 = Debug|Any CPU
		{3805D4C8-CC87-446C-BC44-5655118F8F47}.Release|Any CPU.ActiveCfg = Release|Any CPU
		{3805D4C8-CC87-446C-BC44-5655118F8F47}.Release|Any CPU.Build.0 = Release|Any CPU
		{3805D4C8-CC87-446C-BC44-5655118F8F47}.Release|x64.ActiveCfg = Release|Any CPU
		{3805D4C8-CC87-446C-BC44-5655118F8F47}.Release|x64.Build.0 = Release|Any CPU
		{3805D4C8-CC87-446C-BC44-5655118F8F47}.Release|x86.ActiveCfg = Release|Any CPU
		{3805D4C8-CC87-446C-BC44-5655118F8F47}.Release|x86.Build.0 = Release|Any CPU
		{C6E31EFA-F664-4D77-A7AD-98CBC7C80EC5}.Debug|Any CPU.ActiveCfg = Debug|Any CPU
		{C6E31EFA-F664-4D77-A7AD-98CBC7C80EC5}.Debug|Any CPU.Build.0 = Debug|Any CPU
		{C6E31EFA-F664-4D77-A7AD-98CBC7C80EC5}.Debug|x64.ActiveCfg = Debug|Any CPU
		{C6E31EFA-F664-4D77-A7AD-98CBC7C80EC5}.Debug|x64.Build.0 = Debug|Any CPU
		{C6E31EFA-F664-4D77-A7AD-98CBC7C80EC5}.Debug|x86.ActiveCfg = Debug|Any CPU
		{C6E31EFA-F664-4D77-A7AD-98CBC7C80EC5}.Debug|x86.Build.0 = Debug|Any CPU
		{C6E31EFA-F664-4D77-A7AD-98CBC7C80EC5}.Release|Any CPU.ActiveCfg = Release|Any CPU
		{C6E31EFA-F664-4D77-A7AD-98CBC7C80EC5}.Release|Any CPU.Build.0 = Release|Any CPU
		{C6E31EFA-F664-4D77-A7AD-98CBC7C80EC5}.Release|x64.ActiveCfg = Release|Any CPU
		{C6E31EFA-F664-4D77-A7AD-98CBC7C80EC5}.Release|x64.Build.0 = Release|Any CPU
		{C6E31EFA-F664-4D77-A7AD-98CBC7C80EC5}.Release|x86.ActiveCfg = Release|Any CPU
		{C6E31EFA-F664-4D77-A7AD-98CBC7C80EC5}.Release|x86.Build.0 = Release|Any CPU
		{D4A9A54F-7A60-4BA4-90AA-161EBD3FD282}.Debug|Any CPU.ActiveCfg = Debug|Any CPU
		{D4A9A54F-7A60-4BA4-90AA-161EBD3FD282}.Debug|Any CPU.Build.0 = Debug|Any CPU
		{D4A9A54F-7A60-4BA4-90AA-161EBD3FD282}.Debug|x64.ActiveCfg = Debug|Any CPU
		{D4A9A54F-7A60-4BA4-90AA-161EBD3FD282}.Debug|x64.Build.0 = Debug|Any CPU
		{D4A9A54F-7A60-4BA4-90AA-161EBD3FD282}.Debug|x86.ActiveCfg = Debug|Any CPU
		{D4A9A54F-7A60-4BA4-90AA-161EBD3FD282}.Debug|x86.Build.0 = Debug|Any CPU
		{D4A9A54F-7A60-4BA4-90AA-161EBD3FD282}.Release|Any CPU.ActiveCfg = Release|Any CPU
		{D4A9A54F-7A60-4BA4-90AA-161EBD3FD282}.Release|Any CPU.Build.0 = Release|Any CPU
		{D4A9A54F-7A60-4BA4-90AA-161EBD3FD282}.Release|x64.ActiveCfg = Release|Any CPU
		{D4A9A54F-7A60-4BA4-90AA-161EBD3FD282}.Release|x64.Build.0 = Release|Any CPU
		{D4A9A54F-7A60-4BA4-90AA-161EBD3FD282}.Release|x86.ActiveCfg = Release|Any CPU
		{D4A9A54F-7A60-4BA4-90AA-161EBD3FD282}.Release|x86.Build.0 = Release|Any CPU
		{04ABB44B-6507-4ED9-921B-1690E65BC472}.Debug|Any CPU.ActiveCfg = Debug|Any CPU
		{04ABB44B-6507-4ED9-921B-1690E65BC472}.Debug|Any CPU.Build.0 = Debug|Any CPU
		{04ABB44B-6507-4ED9-921B-1690E65BC472}.Debug|x64.ActiveCfg = Debug|Any CPU
		{04ABB44B-6507-4ED9-921B-1690E65BC472}.Debug|x64.Build.0 = Debug|Any CPU
		{04ABB44B-6507-4ED9-921B-1690E65BC472}.Debug|x86.ActiveCfg = Debug|Any CPU
		{04ABB44B-6507-4ED9-921B-1690E65BC472}.Debug|x86.Build.0 = Debug|Any CPU
		{04ABB44B-6507-4ED9-921B-1690E65BC472}.Release|Any CPU.ActiveCfg = Release|Any CPU
		{04ABB44B-6507-4ED9-921B-1690E65BC472}.Release|Any CPU.Build.0 = Release|Any CPU
		{04ABB44B-6507-4ED9-921B-1690E65BC472}.Release|x64.ActiveCfg = Release|Any CPU
		{04ABB44B-6507-4ED9-921B-1690E65BC472}.Release|x64.Build.0 = Release|Any CPU
		{04ABB44B-6507-4ED9-921B-1690E65BC472}.Release|x86.ActiveCfg = Release|Any CPU
		{04ABB44B-6507-4ED9-921B-1690E65BC472}.Release|x86.Build.0 = Release|Any CPU
		{6FDF18A3-A518-4136-8F75-4D2B6CF0C031}.Debug|Any CPU.ActiveCfg = Debug|Any CPU
		{6FDF18A3-A518-4136-8F75-4D2B6CF0C031}.Debug|Any CPU.Build.0 = Debug|Any CPU
		{6FDF18A3-A518-4136-8F75-4D2B6CF0C031}.Debug|x64.ActiveCfg = Debug|Any CPU
		{6FDF18A3-A518-4136-8F75-4D2B6CF0C031}.Debug|x64.Build.0 = Debug|Any CPU
		{6FDF18A3-A518-4136-8F75-4D2B6CF0C031}.Debug|x86.ActiveCfg = Debug|Any CPU
		{6FDF18A3-A518-4136-8F75-4D2B6CF0C031}.Debug|x86.Build.0 = Debug|Any CPU
		{6FDF18A3-A518-4136-8F75-4D2B6CF0C031}.Release|Any CPU.ActiveCfg = Release|Any CPU
		{6FDF18A3-A518-4136-8F75-4D2B6CF0C031}.Release|Any CPU.Build.0 = Release|Any CPU
		{6FDF18A3-A518-4136-8F75-4D2B6CF0C031}.Release|x64.ActiveCfg = Release|Any CPU
		{6FDF18A3-A518-4136-8F75-4D2B6CF0C031}.Release|x64.Build.0 = Release|Any CPU
		{6FDF18A3-A518-4136-8F75-4D2B6CF0C031}.Release|x86.ActiveCfg = Release|Any CPU
		{6FDF18A3-A518-4136-8F75-4D2B6CF0C031}.Release|x86.Build.0 = Release|Any CPU
	EndGlobalSection
	GlobalSection(SolutionProperties) = preSolution
		HideSolutionNode = FALSE
	EndGlobalSection
	GlobalSection(NestedProjects) = preSolution
		{E756466C-56BF-4530-8F23-A13D98D09475} = {827E0CD3-B72D-47B6-A68D-7590B98EB39B}
		{F8191426-C792-4389-8ACF-51762B18FE3F} = {827E0CD3-B72D-47B6-A68D-7590B98EB39B}
		{2A98B098-61B7-40FD-B879-A6EE4573E380} = {827E0CD3-B72D-47B6-A68D-7590B98EB39B}
		{3E313F01-C40A-4476-9CE6-618793949237} = {827E0CD3-B72D-47B6-A68D-7590B98EB39B}
		{984D416E-F1F1-4DEF-B3E8-30D715F34E99} = {0AB3BF05-4346-4AA6-1389-037BE0695223}
		{C0C73251-FCBC-40DC-8CEE-EC8585D23528} = {0AB3BF05-4346-4AA6-1389-037BE0695223}
		{5854FF58-B8C5-05C6-5BF2-ACE42193F22B} = {827E0CD3-B72D-47B6-A68D-7590B98EB39B}
		{714CC2AF-245C-D6B1-E117-A1157E62AF44} = {5854FF58-B8C5-05C6-5BF2-ACE42193F22B}
		{039065AB-13F5-41E7-9169-45640672DC22} = {714CC2AF-245C-D6B1-E117-A1157E62AF44}
		{47F2F521-30FE-469E-89A3-FCF86D1BB4D0} = {714CC2AF-245C-D6B1-E117-A1157E62AF44}
		{48721047-9FC4-4732-83B5-1BEE08E253EF} = {714CC2AF-245C-D6B1-E117-A1157E62AF44}
		{6A004839-512E-4226-9C2F-4B695AEDFE79} = {714CC2AF-245C-D6B1-E117-A1157E62AF44}
		{374CED38-7421-B0F7-DFE2-3AF3B9F49E7C} = {5854FF58-B8C5-05C6-5BF2-ACE42193F22B}
		{E9F445C7-2ACD-4844-81BF-27A72DB5979D} = {374CED38-7421-B0F7-DFE2-3AF3B9F49E7C}
		{38B1B335-A472-4E18-BE6A-6C9A817466FC} = {374CED38-7421-B0F7-DFE2-3AF3B9F49E7C}
		{E6EA01CB-B826-4DDC-BF2D-F7EC47FBC363} = {374CED38-7421-B0F7-DFE2-3AF3B9F49E7C}
		{A9EAA25F-4B22-4C42-8D99-7FBB11D14F7D} = {374CED38-7421-B0F7-DFE2-3AF3B9F49E7C}
		{5979469B-CEB9-B27D-9095-D604475979B8} = {5854FF58-B8C5-05C6-5BF2-ACE42193F22B}
		{21944311-2BF5-4CAD-820E-6E4290BF02A3} = {5979469B-CEB9-B27D-9095-D604475979B8}
		{01E79486-6CE4-4D2F-A033-5F7A8D931CFC} = {5979469B-CEB9-B27D-9095-D604475979B8}
		{692C0E83-7AF1-4F68-96D0-9D20D5EFAAB3} = {5979469B-CEB9-B27D-9095-D604475979B8}
		{3805D4C8-CC87-446C-BC44-5655118F8F47} = {5979469B-CEB9-B27D-9095-D604475979B8}
		{A7F1EA75-F84F-EDAA-1156-120873BE27D5} = {5854FF58-B8C5-05C6-5BF2-ACE42193F22B}
		{C6E31EFA-F664-4D77-A7AD-98CBC7C80EC5} = {A7F1EA75-F84F-EDAA-1156-120873BE27D5}
		{D4A9A54F-7A60-4BA4-90AA-161EBD3FD282} = {A7F1EA75-F84F-EDAA-1156-120873BE27D5}
		{04ABB44B-6507-4ED9-921B-1690E65BC472} = {A7F1EA75-F84F-EDAA-1156-120873BE27D5}
		{6FDF18A3-A518-4136-8F75-4D2B6CF0C031} = {A7F1EA75-F84F-EDAA-1156-120873BE27D5}
	EndGlobalSection
	GlobalSection(ExtensibilityGlobals) = postSolution
		SolutionGuid = {C90B2199-48A1-481A-90D8-4FCF78DF597D}
	EndGlobalSection
EndGlobal
